// !$*UTF8*$!
{
	archiveVersion = 1;
	classes = {
	};
	objectVersion = 46;
	objects = {

/* Begin PBXBuildFile section */
		B52791481D7A7DF300FA01C8 /* AppDelegate.swift in Sources */ = {isa = PBXBuildFile; fileRef = B52791471D7A7DF300FA01C8 /* AppDelegate.swift */; };
		B527914A1D7A7DF300FA01C8 /* ViewController.swift in Sources */ = {isa = PBXBuildFile; fileRef = B52791491D7A7DF300FA01C8 /* ViewController.swift */; };
		B527914D1D7A7DF300FA01C8 /* Main.storyboard in Resources */ = {isa = PBXBuildFile; fileRef = B527914B1D7A7DF300FA01C8 /* Main.storyboard */; };
		B527914F1D7A7DF300FA01C8 /* Assets.xcassets in Resources */ = {isa = PBXBuildFile; fileRef = B527914E1D7A7DF300FA01C8 /* Assets.xcassets */; };
		B52791521D7A7DF300FA01C8 /* LaunchScreen.storyboard in Resources */ = {isa = PBXBuildFile; fileRef = B52791501D7A7DF300FA01C8 /* LaunchScreen.storyboard */; };
/* End PBXBuildFile section */

/* Begin PBXFileReference section */
		B52791441D7A7DF300FA01C8 /* Who's What - Comics.app */ = {isa = PBXFileReference; explicitFileType = wrapper.application; includeInIndex = 0; path = "Who's What - Comics.app"; sourceTree = BUILT_PRODUCTS_DIR; };
		B52791471D7A7DF300FA01C8 /* AppDelegate.swift */ = {isa = PBXFileReference; lastKnownFileType = sourcecode.swift; path = AppDelegate.swift; sourceTree = "<group>"; };
		B52791491D7A7DF300FA01C8 /* ViewController.swift */ = {isa = PBXFileReference; lastKnownFileType = sourcecode.swift; path = ViewController.swift; sourceTree = "<group>"; };
		B527914C1D7A7DF300FA01C8 /* Base */ = {isa = PBXFileReference; lastKnownFileType = file.storyboard; name = Base; path = Base.lproj/Main.storyboard; sourceTree = "<group>"; };
		B527914E1D7A7DF300FA01C8 /* Assets.xcassets */ = {isa = PBXFileReference; lastKnownFileType = folder.assetcatalog; path = Assets.xcassets; sourceTree = "<group>"; };
		B52791511D7A7DF300FA01C8 /* Base */ = {isa = PBXFileReference; lastKnownFileType = file.storyboard; name = Base; path = Base.lproj/LaunchScreen.storyboard; sourceTree = "<group>"; };
		B52791531D7A7DF300FA01C8 /* Info.plist */ = {isa = PBXFileReference; lastKnownFileType = text.plist.xml; path = Info.plist; sourceTree = "<group>"; };
/* End PBXFileReference section */

/* Begin PBXFrameworksBuildPhase section */
		B52791411D7A7DF300FA01C8 /* Frameworks */ = {
			isa = PBXFrameworksBuildPhase;
			buildActionMask = 2147483647;
			files = (
			);
			runOnlyForDeploymentPostprocessing = 0;
		};
/* End PBXFrameworksBuildPhase section */

/* Begin PBXGroup section */
		B527913B1D7A7DF300FA01C8 = {
			isa = PBXGroup;
			children = (
				B52791461D7A7DF300FA01C8 /* Who's What - Comics */,
				B52791451D7A7DF300FA01C8 /* Products */,
			);
			sourceTree = "<group>";
		};
		B52791451D7A7DF300FA01C8 /* Products */ = {
			isa = PBXGroup;
			children = (
				B52791441D7A7DF300FA01C8 /* Who's What - Comics.app */,
			);
			name = Products;
			sourceTree = "<group>";
		};
		B52791461D7A7DF300FA01C8 /* Who's What - Comics */ = {
			isa = PBXGroup;
			children = (
				B52791471D7A7DF300FA01C8 /* AppDelegate.swift */,
				B52791491D7A7DF300FA01C8 /* ViewController.swift */,
				B527914B1D7A7DF300FA01C8 /* Main.storyboard */,
				B527914E1D7A7DF300FA01C8 /* Assets.xcassets */,
				B52791501D7A7DF300FA01C8 /* LaunchScreen.storyboard */,
				B52791531D7A7DF300FA01C8 /* Info.plist */,
			);
			path = "Who's What - Comics";
			sourceTree = "<group>";
		};
/* End PBXGroup section */

/* Begin PBXNativeTarget section */
		B52791431D7A7DF300FA01C8 /* Who's What - Comics */ = {
			isa = PBXNativeTarget;
			buildConfigurationList = B52791561D7A7DF300FA01C8 /* Build configuration list for PBXNativeTarget "Who's What - Comics" */;
			buildPhases = (
				B52791401D7A7DF300FA01C8 /* Sources */,
				B52791411D7A7DF300FA01C8 /* Frameworks */,
				B52791421D7A7DF300FA01C8 /* Resources */,
			);
			buildRules = (
			);
			dependencies = (
			);
			name = "Who's What - Comics";
			productName = "Who's What - Comics";
			productReference = B52791441D7A7DF300FA01C8 /* Who's What - Comics.app */;
			productType = "com.apple.product-type.application";
		};
/* End PBXNativeTarget section */

/* Begin PBXProject section */
		B527913C1D7A7DF300FA01C8 /* Project object */ = {
			isa = PBXProject;
			attributes = {
				LastSwiftUpdateCheck = 0730;
				LastUpgradeCheck = 0730;
				ORGANIZATIONNAME = "Ramiro Beltran";
				TargetAttributes = {
					B52791431D7A7DF300FA01C8 = {
						CreatedOnToolsVersion = 7.3.1;
						DevelopmentTeam = VHQ88CT5TL;
					};
				};
			};
			buildConfigurationList = B527913F1D7A7DF300FA01C8 /* Build configuration list for PBXProject "Who's What - Comics" */;
			compatibilityVersion = "Xcode 3.2";
			developmentRegion = English;
			hasScannedForEncodings = 0;
			knownRegions = (
				en,
				Base,
			);
			mainGroup = B527913B1D7A7DF300FA01C8;
			productRefGroup = B52791451D7A7DF300FA01C8 /* Products */;
			projectDirPath = "";
			projectRoot = "";
			targets = (
				B52791431D7A7DF300FA01C8 /* Who's What - Comics */,
			);
		};
/* End PBXProject section */

/* Begin PBXResourcesBuildPhase section */
		B52791421D7A7DF300FA01C8 /* Resources */ = {
			isa = PBXResourcesBuildPhase;
			buildActionMask = 2147483647;
			files = (
				B52791521D7A7DF300FA01C8 /* LaunchScreen.storyboard in Resources */,
				B527914F1D7A7DF300FA01C8 /* Assets.xcassets in Resources */,
				B527914D1D7A7DF300FA01C8 /* Main.storyboard in Resources */,
			);
			runOnlyForDeploymentPostprocessing = 0;
		};
/* End PBXResourcesBuildPhase section */

/* Begin PBXSourcesBuildPhase section */
		B52791401D7A7DF300FA01C8 /* Sources */ = {
			isa = PBXSourcesBuildPhase;
			buildActionMask = 2147483647;
			files = (
				B527914A1D7A7DF300FA01C8 /* ViewController.swift in Sources */,
				B52791481D7A7DF300FA01C8 /* AppDelegate.swift in Sources */,
			);
			runOnlyForDeploymentPostprocessing = 0;
		};
/* End PBXSourcesBuildPhase section */

/* Begin PBXVariantGroup section */
		B527914B1D7A7DF300FA01C8 /* Main.storyboard */ = {
			isa = PBXVariantGroup;
			children = (
				B527914C1D7A7DF300FA01C8 /* Base */,
			);
			name = Main.storyboard;
			sourceTree = "<group>";
		};
		B52791501D7A7DF300FA01C8 /* LaunchScreen.storyboard */ = {
			isa = PBXVariantGroup;
			children = (
				B52791511D7A7DF300FA01C8 /* Base */,
			);
			name = LaunchScreen.storyboard;
			sourceTree = "<group>";
		};
/* End PBXVariantGroup section */

/* Begin XCBuildConfiguration section */
		B52791541D7A7DF300FA01C8 /* Debug */ = {
			isa = XCBuildConfiguration;
			buildSettings = {
				ALWAYS_SEARCH_USER_PATHS = NO;
				CLANG_ANALYZER_NONNULL = YES;
				CLANG_CXX_LANGUAGE_STANDARD = "gnu++0x";
				CLANG_CXX_LIBRARY = "libc++";
				CLANG_ENABLE_MODULES = YES;
				CLANG_ENABLE_OBJC_ARC = YES;
				CLANG_WARN_BOOL_CONVERSION = YES;
				CLANG_WARN_CONSTANT_CONVERSION = YES;
				CLANG_WARN_DIRECT_OBJC_ISA_USAGE = YES_ERROR;
				CLANG_WARN_EMPTY_BODY = YES;
				CLANG_WARN_ENUM_CONVERSION = YES;
				CLANG_WARN_INT_CONVERSION = YES;
				CLANG_WARN_OBJC_ROOT_CLASS = YES_ERROR;
				CLANG_WARN_UNREACHABLE_CODE = YES;
				CLANG_WARN__DUPLICATE_METHOD_MATCH = YES;
				"CODE_SIGN_IDENTITY[sdk=iphoneos*]" = "iPhone Developer";
				COPY_PHASE_STRIP = NO;
				DEBUG_INFORMATION_FORMAT = dwarf;
				ENABLE_STRICT_OBJC_MSGSEND = YES;
				ENABLE_TESTABILITY = YES;
				GCC_C_LANGUAGE_STANDARD = gnu99;
				GCC_DYNAMIC_NO_PIC = NO;
				GCC_NO_COMMON_BLOCKS = YES;
				GCC_OPTIMIZATION_LEVEL = 0;
				GCC_PREPROCESSOR_DEFINITIONS = (
					"DEBUG=1",
					"$(inherited)",
				);
				GCC_WARN_64_TO_32_BIT_CONVERSION = YES;
				GCC_WARN_ABOUT_RETURN_TYPE = YES_ERROR;
				GCC_WARN_UNDECLARED_SELECTOR = YES;
				GCC_WARN_UNINITIALIZED_AUTOS = YES_AGGRESSIVE;
				GCC_WARN_UNUSED_FUNCTION = YES;
				GCC_WARN_UNUSED_VARIABLE = YES;
				IPHONEOS_DEPLOYMENT_TARGET = 9.3;
				MTL_ENABLE_DEBUG_INFO = YES;
				ONLY_ACTIVE_ARCH = YES;
				SDKROOT = iphoneos;
				SWIFT_OPTIMIZATION_LEVEL = "-Onone";
				TARGETED_DEVICE_FAMILY = "1,2";
			};
			name = Debug;
		};
		B52791551D7A7DF300FA01C8 /* Release */ = {
			isa = XCBuildConfiguration;
			buildSettings = {
				ALWAYS_SEARCH_USER_PATHS = NO;
				CLANG_ANALYZER_NONNULL = YES;
				CLANG_CXX_LANGUAGE_STANDARD = "gnu++0x";
				CLANG_CXX_LIBRARY = "libc++";
				CLANG_ENABLE_MODULES = YES;
				CLANG_ENABLE_OBJC_ARC = YES;
				CLANG_WARN_BOOL_CONVERSION = YES;
				CLANG_WARN_CONSTANT_CONVERSION = YES;
				CLANG_WARN_DIRECT_OBJC_ISA_USAGE = YES_ERROR;
				CLANG_WARN_EMPTY_BODY = YES;
				CLANG_WARN_ENUM_CONVERSION = YES;
				CLANG_WARN_INT_CONVERSION = YES;
				CLANG_WARN_OBJC_ROOT_CLASS = YES_ERROR;
				CLANG_WARN_UNREACHABLE_CODE = YES;
				CLANG_WARN__DUPLICATE_METHOD_MATCH = YES;
				"CODE_SIGN_IDENTITY[sdk=iphoneos*]" = "iPhone Developer";
				COPY_PHASE_STRIP = NO;
				DEBUG_INFORMATION_FORMAT = "dwarf-with-dsym";
				ENABLE_NS_ASSERTIONS = NO;
				ENABLE_STRICT_OBJC_MSGSEND = YES;
				GCC_C_LANGUAGE_STANDARD = gnu99;
				GCC_NO_COMMON_BLOCKS = YES;
				GCC_WARN_64_TO_32_BIT_CONVERSION = YES;
				GCC_WARN_ABOUT_RETURN_TYPE = YES_ERROR;
				GCC_WARN_UNDECLARED_SELECTOR = YES;
				GCC_WARN_UNINITIALIZED_AUTOS = YES_AGGRESSIVE;
				GCC_WARN_UNUSED_FUNCTION = YES;
				GCC_WARN_UNUSED_VARIABLE = YES;
				IPHONEOS_DEPLOYMENT_TARGET = 9.3;
				MTL_ENABLE_DEBUG_INFO = NO;
				SDKROOT = iphoneos;
				TARGETED_DEVICE_FAMILY = "1,2";
				VALIDATE_PRODUCT = YES;
			};
			name = Release;
		};
		B52791571D7A7DF300FA01C8 /* Debug */ = {
			isa = XCBuildConfiguration;
			buildSettings = {
				ASSETCATALOG_COMPILER_APPICON_NAME = AppIcon;
				CODE_SIGN_IDENTITY = "iPhone Developer";
				INFOPLIST_FILE = "Who's What - Comics/Info.plist";
				IPHONEOS_DEPLOYMENT_TARGET = 8.1;
				LD_RUNPATH_SEARCH_PATHS = "$(inherited) @executable_path/Frameworks";
				PRODUCT_BUNDLE_IDENTIFIER = "net.Beliro.Who-s-What---Comics";
				PRODUCT_NAME = "$(TARGET_NAME)";
			};
			name = Debug;
		};
		B52791581D7A7DF300FA01C8 /* Release */ = {
			isa = XCBuildConfiguration;
			buildSettings = {
				ASSETCATALOG_COMPILER_APPICON_NAME = AppIcon;
				CODE_SIGN_IDENTITY = "iPhone Developer";
				INFOPLIST_FILE = "Who's What - Comics/Info.plist";
				IPHONEOS_DEPLOYMENT_TARGET = 8.1;
				LD_RUNPATH_SEARCH_PATHS = "$(inherited) @executable_path/Frameworks";
				PRODUCT_BUNDLE_IDENTIFIER = "net.Beliro.Who-s-What---Comics";
				PRODUCT_NAME = "$(TARGET_NAME)";
			};
			name = Release;
		};
/* End XCBuildConfiguration section */

/* Begin XCConfigurationList section */
		B527913F1D7A7DF300FA01C8 /* Build configuration list for PBXProject "Who's What - Comics" */ = {
			isa = XCConfigurationList;
			buildConfigurations = (
				B52791541D7A7DF300FA01C8 /* Debug */,
				B52791551D7A7DF300FA01C8 /* Release */,
			);
			defaultConfigurationIsVisible = 0;
			defaultConfigurationName = Release;
		};
		B52791561D7A7DF300FA01C8 /* Build configuration list for PBXNativeTarget "Who's What - Comics" */ = {
			isa = XCConfigurationList;
			buildConfigurations = (
				B52791571D7A7DF300FA01C8 /* Debug */,
				B52791581D7A7DF300FA01C8 /* Release */,
			);
			defaultConfigurationIsVisible = 0;
		};
/* End XCConfigurationList section */
	};
	rootObject = B527913C1D7A7DF300FA01C8 /* Project object */;
}
